
Microsoft Visual Studio Solution File, Format Version 12.00
# Visual Studio Version 17
VisualStudioVersion = 17.3.32901.215
MinimumVisualStudioVersion = 10.0.40219.1
Project("{FAE04EC0-301F-11D3-BF4B-00C04F79EFBC}") = "Hattrick", "Hattrick\Hattrick.csproj", "{27EDEE80-7F91-4CD4-95E0-DB8C5DB5B56F}"
EndProject
Global
	GlobalSection(SolutionConfigurationPlatforms) = preSolution
		Debug|Any CPU = Debug|Any CPU
		Release|Any CPU = Release|Any CPU
	EndGlobalSection
	GlobalSection(ProjectConfigurationPlatforms) = postSolution
		{27EDEE80-7F91-4CD4-95E0-DB8C5DB5B56F}.Debug|Any CPU.ActiveCfg = Debug|Any CPU
		{27EDEE80-7F91-4CD4-95E0-DB8C5DB5B56F}.Debug|Any CPU.Build.0 = Debug|Any CPU
		{27EDEE80-7F91-4CD4-95E0-DB8C5DB5B56F}.Release|Any CPU.ActiveCfg = Release|Any CPU
		{27EDEE80-7F91-4CD4-95E0-DB8C5DB5B56F}.Release|Any CPU.Build.0 = Release|Any CPU
	EndGlobalSection
	GlobalSection(SolutionProperties) = preSolution
		HideSolutionNode = FALSE
	EndGlobalSection
	GlobalSection(ExtensibilityGlobals) = postSolution
		SolutionGuid = {926E688D-3059-46B6-B5F0-9DCF40A1FEE7}
	EndGlobalSection
EndGlobal
